
Microsoft Visual Studio Solution File, Format Version 12.00
# Visual Studio Version 17
VisualStudioVersion = 17.14.36401.2
MinimumVisualStudioVersion = 10.0.40219.1
Project("{FAE04EC0-301F-11D3-BF4B-00C04F79EFBC}") = "SystemProgramming", "SystemProgramming.csproj", "{1A39CBC9-DD8F-4E7E-A415-CBC390D7D8F1}"
EndProject
Project("{FAE04EC0-301F-11D3-BF4B-00C04F79EFBC}") = "CalcRunner", "CalcRunner\CalcRunner.csproj", "{124EBFE2-8DA7-4A56-9E5A-6EC9F478CCFD}"
EndProject
Project("{2150E333-8FDC-42A3-9474-1A3956D46DE8}") = "CalcRunnerWidthChildProcess", "CalcRunnerWidthChildProcess", "{36D591C7-65C7-A0D1-1CBC-10CDE441BDC8}"
EndProject
Project("{FAE04EC0-301F-11D3-BF4B-00C04F79EFBC}") = "ProcessManipulation", "ChildProcessForCalcRunner\ProcessManipulation\ProcessManipulation.csproj", "{B2A91762-E9CB-408B-AA6D-54B5DE404C98}"
EndProject
Project("{FAE04EC0-301F-11D3-BF4B-00C04F79EFBC}") = "ChildProcess", "ChildProcessForCalcRunner\ChildProcess\ChildProcess.csproj", "{ECE51C9C-BBD7-4FA4-BEE6-66964EBDF896}"
EndProject
Project("{FAE04EC0-301F-11D3-BF4B-00C04F79EFBC}") = "ChildProcess2", "ChildProcessForCalcRunner\ChildProcess2\ChildProcess2.csproj", "{01CB5C6B-4A24-44E5-8859-431E6A3D17D2}"
EndProject
Project("{FAE04EC0-301F-11D3-BF4B-00C04F79EFBC}") = "UsingSoundInMessageWithDLL", "UsingSoundInMessageWithDLL\UsingSoundInMessageWithDLL.csproj", "{2BF63D0E-65D9-47F1-AF24-B0C18E89EC35}"
EndProject
Project("{FAE04EC0-301F-11D3-BF4B-00C04F79EFBC}") = "CustomCulc", "CalcRunner\CustomCulc\CustomCulc.csproj", "{2F27957E-EC40-4FB1-8E13-DD2DCDFE228A}"
EndProject
Project("{2150E333-8FDC-42A3-9474-1A3956D46DE8}") = "DZ1-2", "DZ1-2", "{5F9BBC08-D68D-4E38-BE6C-3E02C3BFA1D7}"
EndProject
Project("{FAE04EC0-301F-11D3-BF4B-00C04F79EFBC}") = "SearchWord", "CalcRunner\SearchWord\SearchWord.csproj", "{F3413B92-889C-4183-9455-2FE377FED5FD}"
EndProject
Project("{FAE04EC0-301F-11D3-BF4B-00C04F79EFBC}") = "ThreadAndCanceledToken", "ThreadAndCanceledToken\ThreadAndCanceledToken.csproj", "{C68B5B47-7F7C-41AC-B228-7D2F4F9DB864}"
EndProject
Project("{FAE04EC0-301F-11D3-BF4B-00C04F79EFBC}") = "AccountJSON", "AccountJSON\AccountJSON.csproj", "{59A02D22-4075-49DB-9CE9-74FA14F6EADA}"
EndProject
Project("{FAE04EC0-301F-11D3-BF4B-00C04F79EFBC}") = "ConcurrentBag", "ConcurrentBag\ConcurrentBag.csproj", "{A4696FC1-F98D-42E7-9929-35B6A238D0D2}"
EndProject
Project("{FAE04EC0-301F-11D3-BF4B-00C04F79EFBC}") = "ConcurrentBagParallelFor", "ConcurrentBagParallelFor\ConcurrentBagParallelFor.csproj", "{FBDE69E0-9FB9-4D8A-B1F5-0E620B043A2A}"
EndProject
Project("{FAE04EC0-301F-11D3-BF4B-00C04F79EFBC}") = "Examen", "Examen\Examen.csproj", "{4DCA4829-A8EB-4A5A-939E-8F3F5032ADA7}"
EndProject
Project("{2150E333-8FDC-42A3-9474-1A3956D46DE8}") = "EXAM", "EXAM", "{F7004841-C14E-45F0-BE01-044F6EF68CF8}"
EndProject
Project("{FAE04EC0-301F-11D3-BF4B-00C04F79EFBC}") = "BenchmarkPlotter", "BenchmarkPlotter\BenchmarkPlotter.csproj", "{932A1EAA-8289-4929-9A25-8D292A32FA0B}"
EndProject
Project("{FAE04EC0-301F-11D3-BF4B-00C04F79EFBC}") = "BackgroundWorkerSimple", "BackgroundWorkerSimple\BackgroundWorkerSimple.csproj", "{AE4AE74A-22A1-4ACD-A7B6-E3FDC17D3226}"
EndProject
Global
	GlobalSection(SolutionConfigurationPlatforms) = preSolution
		Debug|Any CPU = Debug|Any CPU
		Release|Any CPU = Release|Any CPU
	EndGlobalSection
	GlobalSection(ProjectConfigurationPlatforms) = postSolution
		{1A39CBC9-DD8F-4E7E-A415-CBC390D7D8F1}.Debug|Any CPU.ActiveCfg = Debug|Any CPU
		{1A39CBC9-DD8F-4E7E-A415-CBC390D7D8F1}.Debug|Any CPU.Build.0 = Debug|Any CPU
		{1A39CBC9-DD8F-4E7E-A415-CBC390D7D8F1}.Release|Any CPU.ActiveCfg = Release|Any CPU
		{1A39CBC9-DD8F-4E7E-A415-CBC390D7D8F1}.Release|Any CPU.Build.0 = Release|Any CPU
		{124EBFE2-8DA7-4A56-9E5A-6EC9F478CCFD}.Debug|Any CPU.ActiveCfg = Debug|Any CPU
		{124EBFE2-8DA7-4A56-9E5A-6EC9F478CCFD}.Debug|Any CPU.Build.0 = Debug|Any CPU
		{124EBFE2-8DA7-4A56-9E5A-6EC9F478CCFD}.Release|Any CPU.ActiveCfg = Release|Any CPU
		{124EBFE2-8DA7-4A56-9E5A-6EC9F478CCFD}.Release|Any CPU.Build.0 = Release|Any CPU
		{B2A91762-E9CB-408B-AA6D-54B5DE404C98}.Debug|Any CPU.ActiveCfg = Debug|Any CPU
		{B2A91762-E9CB-408B-AA6D-54B5DE404C98}.Debug|Any CPU.Build.0 = Debug|Any CPU
		{B2A91762-E9CB-408B-AA6D-54B5DE404C98}.Release|Any CPU.ActiveCfg = Release|Any CPU
		{B2A91762-E9CB-408B-AA6D-54B5DE404C98}.Release|Any CPU.Build.0 = Release|Any CPU
		{ECE51C9C-BBD7-4FA4-BEE6-66964EBDF896}.Debug|Any CPU.ActiveCfg = Debug|Any CPU
		{ECE51C9C-BBD7-4FA4-BEE6-66964EBDF896}.Debug|Any CPU.Build.0 = Debug|Any CPU
		{ECE51C9C-BBD7-4FA4-BEE6-66964EBDF896}.Release|Any CPU.ActiveCfg = Release|Any CPU
		{ECE51C9C-BBD7-4FA4-BEE6-66964EBDF896}.Release|Any CPU.Build.0 = Release|Any CPU
		{01CB5C6B-4A24-44E5-8859-431E6A3D17D2}.Debug|Any CPU.ActiveCfg = Debug|Any CPU
		{01CB5C6B-4A24-44E5-8859-431E6A3D17D2}.Debug|Any CPU.Build.0 = Debug|Any CPU
		{01CB5C6B-4A24-44E5-8859-431E6A3D17D2}.Release|Any CPU.ActiveCfg = Release|Any CPU
		{01CB5C6B-4A24-44E5-8859-431E6A3D17D2}.Release|Any CPU.Build.0 = Release|Any CPU
		{2BF63D0E-65D9-47F1-AF24-B0C18E89EC35}.Debug|Any CPU.ActiveCfg = Debug|Any CPU
		{2BF63D0E-65D9-47F1-AF24-B0C18E89EC35}.Debug|Any CPU.Build.0 = Debug|Any CPU
		{2BF63D0E-65D9-47F1-AF24-B0C18E89EC35}.Release|Any CPU.ActiveCfg = Release|Any CPU
		{2BF63D0E-65D9-47F1-AF24-B0C18E89EC35}.Release|Any CPU.Build.0 = Release|Any CPU
		{2F27957E-EC40-4FB1-8E13-DD2DCDFE228A}.Debug|Any CPU.ActiveCfg = Debug|Any CPU
		{2F27957E-EC40-4FB1-8E13-DD2DCDFE228A}.Debug|Any CPU.Build.0 = Debug|Any CPU
		{2F27957E-EC40-4FB1-8E13-DD2DCDFE228A}.Release|Any CPU.ActiveCfg = Release|Any CPU
		{2F27957E-EC40-4FB1-8E13-DD2DCDFE228A}.Release|Any CPU.Build.0 = Release|Any CPU
		{F3413B92-889C-4183-9455-2FE377FED5FD}.Debug|Any CPU.ActiveCfg = Debug|Any CPU
		{F3413B92-889C-4183-9455-2FE377FED5FD}.Debug|Any CPU.Build.0 = Debug|Any CPU
		{F3413B92-889C-4183-9455-2FE377FED5FD}.Release|Any CPU.ActiveCfg = Release|Any CPU
		{F3413B92-889C-4183-9455-2FE377FED5FD}.Release|Any CPU.Build.0 = Release|Any CPU
		{C68B5B47-7F7C-41AC-B228-7D2F4F9DB864}.Debug|Any CPU.ActiveCfg = Debug|Any CPU
		{C68B5B47-7F7C-41AC-B228-7D2F4F9DB864}.Debug|Any CPU.Build.0 = Debug|Any CPU
		{C68B5B47-7F7C-41AC-B228-7D2F4F9DB864}.Release|Any CPU.ActiveCfg = Release|Any CPU
		{C68B5B47-7F7C-41AC-B228-7D2F4F9DB864}.Release|Any CPU.Build.0 = Release|Any CPU
		{59A02D22-4075-49DB-9CE9-74FA14F6EADA}.Debug|Any CPU.ActiveCfg = Debug|Any CPU
		{59A02D22-4075-49DB-9CE9-74FA14F6EADA}.Debug|Any CPU.Build.0 = Debug|Any CPU
		{59A02D22-4075-49DB-9CE9-74FA14F6EADA}.Release|Any CPU.ActiveCfg = Release|Any CPU
		{59A02D22-4075-49DB-9CE9-74FA14F6EADA}.Release|Any CPU.Build.0 = Release|Any CPU
		{A4696FC1-F98D-42E7-9929-35B6A238D0D2}.Debug|Any CPU.ActiveCfg = Debug|Any CPU
		{A4696FC1-F98D-42E7-9929-35B6A238D0D2}.Debug|Any CPU.Build.0 = Debug|Any CPU
		{A4696FC1-F98D-42E7-9929-35B6A238D0D2}.Release|Any CPU.ActiveCfg = Release|Any CPU
		{A4696FC1-F98D-42E7-9929-35B6A238D0D2}.Release|Any CPU.Build.0 = Release|Any CPU
		{FBDE69E0-9FB9-4D8A-B1F5-0E620B043A2A}.Debug|Any CPU.ActiveCfg = Debug|Any CPU
		{FBDE69E0-9FB9-4D8A-B1F5-0E620B043A2A}.Debug|Any CPU.Build.0 = Debug|Any CPU
		{FBDE69E0-9FB9-4D8A-B1F5-0E620B043A2A}.Release|Any CPU.ActiveCfg = Release|Any CPU
		{FBDE69E0-9FB9-4D8A-B1F5-0E620B043A2A}.Release|Any CPU.Build.0 = Release|Any CPU
		{4DCA4829-A8EB-4A5A-939E-8F3F5032ADA7}.Debug|Any CPU.ActiveCfg = Debug|Any CPU
		{4DCA4829-A8EB-4A5A-939E-8F3F5032ADA7}.Debug|Any CPU.Build.0 = Debug|Any CPU
		{4DCA4829-A8EB-4A5A-939E-8F3F5032ADA7}.Release|Any CPU.ActiveCfg = Release|Any CPU
		{4DCA4829-A8EB-4A5A-939E-8F3F5032ADA7}.Release|Any CPU.Build.0 = Release|Any CPU
		{932A1EAA-8289-4929-9A25-8D292A32FA0B}.Debug|Any CPU.ActiveCfg = Debug|Any CPU
		{932A1EAA-8289-4929-9A25-8D292A32FA0B}.Debug|Any CPU.Build.0 = Debug|Any CPU
		{932A1EAA-8289-4929-9A25-8D292A32FA0B}.Release|Any CPU.ActiveCfg = Release|Any CPU
		{932A1EAA-8289-4929-9A25-8D292A32FA0B}.Release|Any CPU.Build.0 = Release|Any CPU
		{AE4AE74A-22A1-4ACD-A7B6-E3FDC17D3226}.Debug|Any CPU.ActiveCfg = Debug|Any CPU
		{AE4AE74A-22A1-4ACD-A7B6-E3FDC17D3226}.Debug|Any CPU.Build.0 = Debug|Any CPU
		{AE4AE74A-22A1-4ACD-A7B6-E3FDC17D3226}.Release|Any CPU.ActiveCfg = Release|Any CPU
		{AE4AE74A-22A1-4ACD-A7B6-E3FDC17D3226}.Release|Any CPU.Build.0 = Release|Any CPU
	EndGlobalSection
	GlobalSection(SolutionProperties) = preSolution
		HideSolutionNode = FALSE
	EndGlobalSection
	GlobalSection(NestedProjects) = preSolution
		{124EBFE2-8DA7-4A56-9E5A-6EC9F478CCFD} = {5F9BBC08-D68D-4E38-BE6C-3E02C3BFA1D7}
		{B2A91762-E9CB-408B-AA6D-54B5DE404C98} = {36D591C7-65C7-A0D1-1CBC-10CDE441BDC8}
		{ECE51C9C-BBD7-4FA4-BEE6-66964EBDF896} = {36D591C7-65C7-A0D1-1CBC-10CDE441BDC8}
		{01CB5C6B-4A24-44E5-8859-431E6A3D17D2} = {36D591C7-65C7-A0D1-1CBC-10CDE441BDC8}
		{2F27957E-EC40-4FB1-8E13-DD2DCDFE228A} = {5F9BBC08-D68D-4E38-BE6C-3E02C3BFA1D7}
		{F3413B92-889C-4183-9455-2FE377FED5FD} = {5F9BBC08-D68D-4E38-BE6C-3E02C3BFA1D7}
		{4DCA4829-A8EB-4A5A-939E-8F3F5032ADA7} = {F7004841-C14E-45F0-BE01-044F6EF68CF8}
		{932A1EAA-8289-4929-9A25-8D292A32FA0B} = {F7004841-C14E-45F0-BE01-044F6EF68CF8}
	EndGlobalSection
	GlobalSection(ExtensibilityGlobals) = postSolution
		SolutionGuid = {DA757C98-2472-42AF-8549-3AEC13048A60}
	EndGlobalSection
EndGlobal
