
Microsoft Visual Studio Solution File, Format Version 12.00
# Visual Studio Version 17
VisualStudioVersion = 17.14.36212.18 d17.14
MinimumVisualStudioVersion = 10.0.40219.1
Project("{FAE04EC0-301F-11D3-BF4B-00C04F79EFBC}") = "ParallelSumMillion", "ParallelSumMillion\ParallelSumMillion.csproj", "{B9F16E18-843D-4015-9421-4D077AE00706}"
EndProject
Global
	GlobalSection(SolutionConfigurationPlatforms) = preSolution
		Debug|Any CPU = Debug|Any CPU
		Release|Any CPU = Release|Any CPU
	EndGlobalSection
	GlobalSection(ProjectConfigurationPlatforms) = postSolution
		{B9F16E18-843D-4015-9421-4D077AE00706}.Debug|Any CPU.ActiveCfg = Debug|Any CPU
		{B9F16E18-843D-4015-9421-4D077AE00706}.Debug|Any CPU.Build.0 = Debug|Any CPU
		{B9F16E18-843D-4015-9421-4D077AE00706}.Release|Any CPU.ActiveCfg = Release|Any CPU
		{B9F16E18-843D-4015-9421-4D077AE00706}.Release|Any CPU.Build.0 = Release|Any CPU
	EndGlobalSection
	GlobalSection(SolutionProperties) = preSolution
		HideSolutionNode = FALSE
	EndGlobalSection
	GlobalSection(ExtensibilityGlobals) = postSolution
		SolutionGuid = {9B711E65-EEF9-486B-ACF3-B6165342F857}
	EndGlobalSection
EndGlobal
